
Microsoft Visual Studio Solution File, Format Version 12.00
# Visual Studio Version 17
VisualStudioVersion = 17.3.32901.215
MinimumVisualStudioVersion = 10.0.40219.1
Project("{FAE04EC0-301F-11D3-BF4B-00C04F79EFBC}") = "Inventory Managment System (WinForm)", "Inventory Managment System (WinForm)\Inventory Managment System (WinForm).csproj", "{647D3672-E837-4D74-BC8E-DA89B8674A2F}"
EndProject
Global
	GlobalSection(SolutionConfigurationPlatforms) = preSolution
		Debug|Any CPU = Debug|Any CPU
		Release|Any CPU = Release|Any CPU
	EndGlobalSection
	GlobalSection(ProjectConfigurationPlatforms) = postSolution
		{647D3672-E837-4D74-BC8E-DA89B8674A2F}.Debug|Any CPU.ActiveCfg = Debug|Any CPU
		{647D3672-E837-4D74-BC8E-DA89B8674A2F}.Debug|Any CPU.Build.0 = Debug|Any CPU
		{647D3672-E837-4D74-BC8E-DA89B8674A2F}.Release|Any CPU.ActiveCfg = Release|Any CPU
		{647D3672-E837-4D74-BC8E-DA89B8674A2F}.Release|Any CPU.Build.0 = Release|Any CPU
	EndGlobalSection
	GlobalSection(SolutionProperties) = preSolution
		HideSolutionNode = FALSE
	EndGlobalSection
	GlobalSection(ExtensibilityGlobals) = postSolution
		SolutionGuid = {1FB54911-7586-4C0B-A912-33F2E069DFB1}
	EndGlobalSection
EndGlobal
